
Microsoft Visual Studio Solution File, Format Version 12.00
# Visual Studio Version 17
VisualStudioVersion = 17.2.32630.192
MinimumVisualStudioVersion = 10.0.40219.1
Project("{F184B08F-C81C-45F6-A57F-5ABD9991F28F}") = "TESTWCFHH", "TESTWCFHH\TESTWCFHH.vbproj", "{833D3319-87D1-4DA4-A93F-2BBC3E51998E}"
EndProject
Project("{F184B08F-C81C-45F6-A57F-5ABD9991F28F}") = "PlotWH", "PlotWH\PlotWH.vbproj", "{D5CBEA08-58AC-41D6-B807-93E57F2AE216}"
EndProject
Project("{F184B08F-C81C-45F6-A57F-5ABD9991F28F}") = "NavSync", "DynamicsNavInterface\NavSync.vbproj", "{4214A876-61AA-4F35-BE1A-CAC3F9EDAAC5}"
EndProject
Project("{F184B08F-C81C-45F6-A57F-5ABD9991F28F}") = "DAL", "TOMIMSV4\DAL\DAL.vbproj", "{B7DF5657-9A16-45A4-BF2F-FFDA6138E06B}"
EndProject
Project("{F184B08F-C81C-45F6-A57F-5ABD9991F28F}") = "Entity", "TOMIMSV4\Entity\Entity.vbproj", "{DF210A4E-56DD-4604-8558-FF6C51469A05}"
EndProject
Project("{F184B08F-C81C-45F6-A57F-5ABD9991F28F}") = "WMS", "TOMIMSV4\TOMIMSV4\WMS.vbproj", "{C1C57B98-67A8-41AE-940C-C356BF8AEEA8}"
	ProjectSection(ProjectDependencies) = postProject
		{4214A876-61AA-4F35-BE1A-CAC3F9EDAAC5} = {4214A876-61AA-4F35-BE1A-CAC3F9EDAAC5}
		{4425C288-7045-4865-A43C-B2BB8529CD76} = {4425C288-7045-4865-A43C-B2BB8529CD76}
		{5917DB2D-4574-4452-8E66-BCBB41DA17B2} = {5917DB2D-4574-4452-8E66-BCBB41DA17B2}
		{668B7010-A4D0-4B9D-A420-1D199797E672} = {668B7010-A4D0-4B9D-A420-1D199797E672}
		{69EA4FF6-C886-49C1-B9D1-F011BC18D0D2} = {69EA4FF6-C886-49C1-B9D1-F011BC18D0D2}
		{8ABCF846-61A9-408F-9ED0-ECC8DFAB7454} = {8ABCF846-61A9-408F-9ED0-ECC8DFAB7454}
		{D4B35027-BA70-4094-80FA-FDC61FC4F389} = {D4B35027-BA70-4094-80FA-FDC61FC4F389}
		{E4372E64-9343-4150-BC5D-A3B2CB71B284} = {E4372E64-9343-4150-BC5D-A3B2CB71B284}
	EndProjectSection
EndProject
Project("{F184B08F-C81C-45F6-A57F-5ABD9991F28F}") = "DashBorlin", "DashBorlin\DashBorlin.vbproj", "{96F15E47-3684-4B8B-9286-EF6DBC59F1FA}"
EndProject
Project("{F184B08F-C81C-45F6-A57F-5ABD9991F28F}") = "TomLic", "TomLic\TomLic\TomLic\TomLic.vbproj", "{DA9D1CCF-EA99-440E-93CB-7F2F43B9C342}"
EndProject
Project("{F184B08F-C81C-45F6-A57F-5ABD9991F28F}") = "AppGlobal", "AppGlobal\AppGlobal.vbproj", "{8A6418CE-0668-4EC6-A29C-9D9490701369}"
EndProject
Project("{F184B08F-C81C-45F6-A57F-5ABD9991F28F}") = "MI3", "MI3\MI3.vbproj", "{3A26F944-4278-40CF-B623-6640E54194EE}"
EndProject
Project("{FAE04EC0-301F-11D3-BF4B-00C04F79EFBC}") = "TestMI3", "TestMI3\TestMI3.csproj", "{60D41D3D-8ED6-4EC1-B6E1-870DAB8AD448}"
	ProjectSection(ProjectDependencies) = postProject
		{3A26F944-4278-40CF-B623-6640E54194EE} = {3A26F944-4278-40CF-B623-6640E54194EE}
		{4425C288-7045-4865-A43C-B2BB8529CD76} = {4425C288-7045-4865-A43C-B2BB8529CD76}
	EndProjectSection
EndProject
Project("{F184B08F-C81C-45F6-A57F-5ABD9991F28F}") = "WSHHRN", "WSHHRN\WSHHRN.vbproj", "{4425C288-7045-4865-A43C-B2BB8529CD76}"
EndProject
Project("{F184B08F-C81C-45F6-A57F-5ABD9991F28F}") = "PrintsService", "PrintsService\PrintsService.vbproj", "{668B7010-A4D0-4B9D-A420-1D199797E672}"
EndProject
Project("{F184B08F-C81C-45F6-A57F-5ABD9991F28F}") = "WSSAPSYNC", "WSSAPSYNC\WSSAPSYNC.vbproj", "{B624F4EF-242C-4C99-9F6E-56E48A3F281E}"
EndProject
Project("{FAE04EC0-301F-11D3-BF4B-00C04F79EFBC}") = "PerceptronUbicacion", "Perceptron\PerceptronMejorado\PerceptronUbicacion.csproj", "{7EAAB62D-01A4-408A-B818-B6B2947EE85E}"
EndProject
Project("{F184B08F-C81C-45F6-A57F-5ABD9991F28F}") = "CELSASYNC", "CEALSAMI3\CELSASYNC.vbproj", "{E4372E64-9343-4150-BC5D-A3B2CB71B284}"
EndProject
Project("{F184B08F-C81C-45F6-A57F-5ABD9991F28F}") = "TMS", "TMS\TMS.vbproj", "{E24334D7-BE30-432A-9C60-547D5F1A21F5}"
EndProject
Project("{F184B08F-C81C-45F6-A57F-5ABD9991F28F}") = "SAPSYNC", "SAPMI3PC\SAPSYNC.vbproj", "{8ABCF846-61A9-408F-9ED0-ECC8DFAB7454}"
EndProject
Project("{F184B08F-C81C-45F6-A57F-5ABD9991F28F}") = "WMSBDUpdater", "WMSBDUpdater\WMSBDUpdater.vbproj", "{94FA1601-9205-4A5F-AF04-1C4F4B6092D4}"
EndProject
Project("{F184B08F-C81C-45F6-A57F-5ABD9991F28F}") = "SAPSYNCCUMBRE", "SAPSYNCCUMBRE\SAPSYNCCUMBRE.vbproj", "{5917DB2D-4574-4452-8E66-BCBB41DA17B2}"
EndProject
Project("{F184B08F-C81C-45F6-A57F-5ABD9991F28F}") = "SAPSYNCKILLIOS", "SAPSYNC_Killios\SAPSYNCKILLIOS.vbproj", "{D4B35027-BA70-4094-80FA-FDC61FC4F389}"
EndProject
Project("{2150E333-8FDC-42A3-9474-1A3956D46DE8}") = "DevExtreme NuGet.config", "DevExtreme NuGet.config", "{0A537D90-0EC1-49EE-895F-B1FC43F16FEA}"
	ProjectSection(SolutionItems) = preProject
		NuGet.config = NuGet.config
	EndProjectSection
EndProject
Project("{F184B08F-C81C-45F6-A57F-5ABD9991F28F}") = "SAPSYNCMAMPA", "SAPSYNCMAMPA\SAPSYNCMAMPA.vbproj", "{69EA4FF6-C886-49C1-B9D1-F011BC18D0D2}"
EndProject
Project("{F184B08F-C81C-45F6-A57F-5ABD9991F28F}") = "QUICKTAG", "MES\QUICKTAG.vbproj", "{05DFB361-0F6C-49E3-A06C-9604A535028C}"
EndProject
Project("{F184B08F-C81C-45F6-A57F-5ABD9991F28F}") = "RFIDPrint", "RFIDPrint\RFIDPrint.vbproj", "{E85D27DD-C1AB-429D-847C-B85D877DEA7F}"
EndProject
Project("{FAE04EC0-301F-11D3-BF4B-00C04F79EFBC}") = "WMSWebAPI", "WMSWebAPI\WMSWebAPI.csproj", "{F70A0480-AEC5-4A0F-AC50-5290B23A96D7}"
EndProject
Project("{FAE04EC0-301F-11D3-BF4B-00C04F79EFBC}") = "TOMWMSUX", "TOMWMSUX\TOMWMSUX.csproj", "{2121DA4B-D0EF-4B5C-B936-C17C1DE76713}"
EndProject
Project("{F184B08F-C81C-45F6-A57F-5ABD9991F28F}") = "DMS", "DMS\DMS.vbproj", "{852C02C9-D0FA-429F-BD22-368E0FC112F8}"
EndProject
Global
	GlobalSection(SolutionConfigurationPlatforms) = preSolution
		Debug|Any CPU = Debug|Any CPU
		Debug|x64 = Debug|x64
		Debug|x86 = Debug|x86
		Release|Any CPU = Release|Any CPU
		Release|x64 = Release|x64
		Release|x86 = Release|x86
	EndGlobalSection
	GlobalSection(ProjectConfigurationPlatforms) = postSolution
		{833D3319-87D1-4DA4-A93F-2BBC3E51998E}.Debug|Any CPU.ActiveCfg = Debug|Any CPU
		{833D3319-87D1-4DA4-A93F-2BBC3E51998E}.Debug|Any CPU.Build.0 = Debug|Any CPU
		{833D3319-87D1-4DA4-A93F-2BBC3E51998E}.Debug|x64.ActiveCfg = Debug|Any CPU
		{833D3319-87D1-4DA4-A93F-2BBC3E51998E}.Debug|x64.Build.0 = Debug|Any CPU
		{833D3319-87D1-4DA4-A93F-2BBC3E51998E}.Debug|x86.ActiveCfg = Debug|Any CPU
		{833D3319-87D1-4DA4-A93F-2BBC3E51998E}.Debug|x86.Build.0 = Debug|Any CPU
		{833D3319-87D1-4DA4-A93F-2BBC3E51998E}.Release|Any CPU.ActiveCfg = Release|Any CPU
		{833D3319-87D1-4DA4-A93F-2BBC3E51998E}.Release|Any CPU.Build.0 = Release|Any CPU
		{833D3319-87D1-4DA4-A93F-2BBC3E51998E}.Release|x64.ActiveCfg = Release|Any CPU
		{833D3319-87D1-4DA4-A93F-2BBC3E51998E}.Release|x64.Build.0 = Release|Any CPU
		{833D3319-87D1-4DA4-A93F-2BBC3E51998E}.Release|x86.ActiveCfg = Release|Any CPU
		{833D3319-87D1-4DA4-A93F-2BBC3E51998E}.Release|x86.Build.0 = Release|Any CPU
		{D5CBEA08-58AC-41D6-B807-93E57F2AE216}.Debug|Any CPU.ActiveCfg = Debug|Any CPU
		{D5CBEA08-58AC-41D6-B807-93E57F2AE216}.Debug|Any CPU.Build.0 = Debug|Any CPU
		{D5CBEA08-58AC-41D6-B807-93E57F2AE216}.Debug|x64.ActiveCfg = Debug|Any CPU
		{D5CBEA08-58AC-41D6-B807-93E57F2AE216}.Debug|x64.Build.0 = Debug|Any CPU
		{D5CBEA08-58AC-41D6-B807-93E57F2AE216}.Debug|x86.ActiveCfg = Debug|Any CPU
		{D5CBEA08-58AC-41D6-B807-93E57F2AE216}.Debug|x86.Build.0 = Debug|Any CPU
		{D5CBEA08-58AC-41D6-B807-93E57F2AE216}.Release|Any CPU.ActiveCfg = Release|Any CPU
		{D5CBEA08-58AC-41D6-B807-93E57F2AE216}.Release|Any CPU.Build.0 = Release|Any CPU
		{D5CBEA08-58AC-41D6-B807-93E57F2AE216}.Release|x64.ActiveCfg = Release|Any CPU
		{D5CBEA08-58AC-41D6-B807-93E57F2AE216}.Release|x64.Build.0 = Release|Any CPU
		{D5CBEA08-58AC-41D6-B807-93E57F2AE216}.Release|x86.ActiveCfg = Release|Any CPU
		{D5CBEA08-58AC-41D6-B807-93E57F2AE216}.Release|x86.Build.0 = Release|Any CPU
		{4214A876-61AA-4F35-BE1A-CAC3F9EDAAC5}.Debug|Any CPU.ActiveCfg = Debug|Any CPU
		{4214A876-61AA-4F35-BE1A-CAC3F9EDAAC5}.Debug|Any CPU.Build.0 = Debug|Any CPU
		{4214A876-61AA-4F35-BE1A-CAC3F9EDAAC5}.Debug|x64.ActiveCfg = Debug|Any CPU
		{4214A876-61AA-4F35-BE1A-CAC3F9EDAAC5}.Debug|x64.Build.0 = Debug|Any CPU
		{4214A876-61AA-4F35-BE1A-CAC3F9EDAAC5}.Debug|x86.ActiveCfg = Debug|x86
		{4214A876-61AA-4F35-BE1A-CAC3F9EDAAC5}.Debug|x86.Build.0 = Debug|x86
		{4214A876-61AA-4F35-BE1A-CAC3F9EDAAC5}.Release|Any CPU.ActiveCfg = Release|Any CPU
		{4214A876-61AA-4F35-BE1A-CAC3F9EDAAC5}.Release|Any CPU.Build.0 = Release|Any CPU
		{4214A876-61AA-4F35-BE1A-CAC3F9EDAAC5}.Release|x64.ActiveCfg = Release|Any CPU
		{4214A876-61AA-4F35-BE1A-CAC3F9EDAAC5}.Release|x64.Build.0 = Release|Any CPU
		{4214A876-61AA-4F35-BE1A-CAC3F9EDAAC5}.Release|x86.ActiveCfg = Release|x86
		{4214A876-61AA-4F35-BE1A-CAC3F9EDAAC5}.Release|x86.Build.0 = Release|x86
		{B7DF5657-9A16-45A4-BF2F-FFDA6138E06B}.Debug|Any CPU.ActiveCfg = Debug|Any CPU
		{B7DF5657-9A16-45A4-BF2F-FFDA6138E06B}.Debug|Any CPU.Build.0 = Debug|Any CPU
		{B7DF5657-9A16-45A4-BF2F-FFDA6138E06B}.Debug|x64.ActiveCfg = Debug|Any CPU
		{B7DF5657-9A16-45A4-BF2F-FFDA6138E06B}.Debug|x64.Build.0 = Debug|Any CPU
		{B7DF5657-9A16-45A4-BF2F-FFDA6138E06B}.Debug|x86.ActiveCfg = Debug|x86
		{B7DF5657-9A16-45A4-BF2F-FFDA6138E06B}.Debug|x86.Build.0 = Debug|x86
		{B7DF5657-9A16-45A4-BF2F-FFDA6138E06B}.Release|Any CPU.ActiveCfg = Release|Any CPU
		{B7DF5657-9A16-45A4-BF2F-FFDA6138E06B}.Release|Any CPU.Build.0 = Release|Any CPU
		{B7DF5657-9A16-45A4-BF2F-FFDA6138E06B}.Release|x64.ActiveCfg = Release|Any CPU
		{B7DF5657-9A16-45A4-BF2F-FFDA6138E06B}.Release|x64.Build.0 = Release|Any CPU
		{B7DF5657-9A16-45A4-BF2F-FFDA6138E06B}.Release|x86.ActiveCfg = Release|Any CPU
		{B7DF5657-9A16-45A4-BF2F-FFDA6138E06B}.Release|x86.Build.0 = Release|Any CPU
		{DF210A4E-56DD-4604-8558-FF6C51469A05}.Debug|Any CPU.ActiveCfg = Debug|Any CPU
		{DF210A4E-56DD-4604-8558-FF6C51469A05}.Debug|Any CPU.Build.0 = Debug|Any CPU
		{DF210A4E-56DD-4604-8558-FF6C51469A05}.Debug|x64.ActiveCfg = Debug|Any CPU
		{DF210A4E-56DD-4604-8558-FF6C51469A05}.Debug|x64.Build.0 = Debug|Any CPU
		{DF210A4E-56DD-4604-8558-FF6C51469A05}.Debug|x86.ActiveCfg = Debug|x86
		{DF210A4E-56DD-4604-8558-FF6C51469A05}.Debug|x86.Build.0 = Debug|x86
		{DF210A4E-56DD-4604-8558-FF6C51469A05}.Release|Any CPU.ActiveCfg = Release|Any CPU
		{DF210A4E-56DD-4604-8558-FF6C51469A05}.Release|Any CPU.Build.0 = Release|Any CPU
		{DF210A4E-56DD-4604-8558-FF6C51469A05}.Release|x64.ActiveCfg = Release|Any CPU
		{DF210A4E-56DD-4604-8558-FF6C51469A05}.Release|x64.Build.0 = Release|Any CPU
		{DF210A4E-56DD-4604-8558-FF6C51469A05}.Release|x86.ActiveCfg = Release|Any CPU
		{DF210A4E-56DD-4604-8558-FF6C51469A05}.Release|x86.Build.0 = Release|Any CPU
		{C1C57B98-67A8-41AE-940C-C356BF8AEEA8}.Debug|Any CPU.ActiveCfg = Debug|Any CPU
		{C1C57B98-67A8-41AE-940C-C356BF8AEEA8}.Debug|Any CPU.Build.0 = Debug|Any CPU
		{C1C57B98-67A8-41AE-940C-C356BF8AEEA8}.Debug|x64.ActiveCfg = Debug|Any CPU
		{C1C57B98-67A8-41AE-940C-C356BF8AEEA8}.Debug|x64.Build.0 = Debug|Any CPU
		{C1C57B98-67A8-41AE-940C-C356BF8AEEA8}.Debug|x86.ActiveCfg = Debug|x86
		{C1C57B98-67A8-41AE-940C-C356BF8AEEA8}.Debug|x86.Build.0 = Debug|x86
		{C1C57B98-67A8-41AE-940C-C356BF8AEEA8}.Release|Any CPU.ActiveCfg = Release|Any CPU
		{C1C57B98-67A8-41AE-940C-C356BF8AEEA8}.Release|Any CPU.Build.0 = Release|Any CPU
		{C1C57B98-67A8-41AE-940C-C356BF8AEEA8}.Release|x64.ActiveCfg = Release|Any CPU
		{C1C57B98-67A8-41AE-940C-C356BF8AEEA8}.Release|x64.Build.0 = Release|Any CPU
		{C1C57B98-67A8-41AE-940C-C356BF8AEEA8}.Release|x86.ActiveCfg = Release|x86
		{C1C57B98-67A8-41AE-940C-C356BF8AEEA8}.Release|x86.Build.0 = Release|x86
		{96F15E47-3684-4B8B-9286-EF6DBC59F1FA}.Debug|Any CPU.ActiveCfg = Debug|Any CPU
		{96F15E47-3684-4B8B-9286-EF6DBC59F1FA}.Debug|Any CPU.Build.0 = Debug|Any CPU
		{96F15E47-3684-4B8B-9286-EF6DBC59F1FA}.Debug|x64.ActiveCfg = Debug|Any CPU
		{96F15E47-3684-4B8B-9286-EF6DBC59F1FA}.Debug|x64.Build.0 = Debug|Any CPU
		{96F15E47-3684-4B8B-9286-EF6DBC59F1FA}.Debug|x86.ActiveCfg = Debug|Any CPU
		{96F15E47-3684-4B8B-9286-EF6DBC59F1FA}.Debug|x86.Build.0 = Debug|Any CPU
		{96F15E47-3684-4B8B-9286-EF6DBC59F1FA}.Release|Any CPU.ActiveCfg = Release|Any CPU
		{96F15E47-3684-4B8B-9286-EF6DBC59F1FA}.Release|Any CPU.Build.0 = Release|Any CPU
		{96F15E47-3684-4B8B-9286-EF6DBC59F1FA}.Release|x64.ActiveCfg = Release|Any CPU
		{96F15E47-3684-4B8B-9286-EF6DBC59F1FA}.Release|x64.Build.0 = Release|Any CPU
		{96F15E47-3684-4B8B-9286-EF6DBC59F1FA}.Release|x86.ActiveCfg = Release|Any CPU
		{96F15E47-3684-4B8B-9286-EF6DBC59F1FA}.Release|x86.Build.0 = Release|Any CPU
		{DA9D1CCF-EA99-440E-93CB-7F2F43B9C342}.Debug|Any CPU.ActiveCfg = Debug|Any CPU
		{DA9D1CCF-EA99-440E-93CB-7F2F43B9C342}.Debug|Any CPU.Build.0 = Debug|Any CPU
		{DA9D1CCF-EA99-440E-93CB-7F2F43B9C342}.Debug|x64.ActiveCfg = Debug|Any CPU
		{DA9D1CCF-EA99-440E-93CB-7F2F43B9C342}.Debug|x64.Build.0 = Debug|Any CPU
		{DA9D1CCF-EA99-440E-93CB-7F2F43B9C342}.Debug|x86.ActiveCfg = Debug|x86
		{DA9D1CCF-EA99-440E-93CB-7F2F43B9C342}.Debug|x86.Build.0 = Debug|x86
		{DA9D1CCF-EA99-440E-93CB-7F2F43B9C342}.Release|Any CPU.ActiveCfg = Release|Any CPU
		{DA9D1CCF-EA99-440E-93CB-7F2F43B9C342}.Release|Any CPU.Build.0 = Release|Any CPU
		{DA9D1CCF-EA99-440E-93CB-7F2F43B9C342}.Release|x64.ActiveCfg = Release|Any CPU
		{DA9D1CCF-EA99-440E-93CB-7F2F43B9C342}.Release|x64.Build.0 = Release|Any CPU
		{DA9D1CCF-EA99-440E-93CB-7F2F43B9C342}.Release|x86.ActiveCfg = Release|x86
		{DA9D1CCF-EA99-440E-93CB-7F2F43B9C342}.Release|x86.Build.0 = Release|x86
		{8A6418CE-0668-4EC6-A29C-9D9490701369}.Debug|Any CPU.ActiveCfg = Debug|Any CPU
		{8A6418CE-0668-4EC6-A29C-9D9490701369}.Debug|Any CPU.Build.0 = Debug|Any CPU
		{8A6418CE-0668-4EC6-A29C-9D9490701369}.Debug|x64.ActiveCfg = Debug|Any CPU
		{8A6418CE-0668-4EC6-A29C-9D9490701369}.Debug|x64.Build.0 = Debug|Any CPU
		{8A6418CE-0668-4EC6-A29C-9D9490701369}.Debug|x86.ActiveCfg = Debug|x86
		{8A6418CE-0668-4EC6-A29C-9D9490701369}.Debug|x86.Build.0 = Debug|x86
		{8A6418CE-0668-4EC6-A29C-9D9490701369}.Release|Any CPU.ActiveCfg = Release|Any CPU
		{8A6418CE-0668-4EC6-A29C-9D9490701369}.Release|Any CPU.Build.0 = Release|Any CPU
		{8A6418CE-0668-4EC6-A29C-9D9490701369}.Release|x64.ActiveCfg = Release|Any CPU
		{8A6418CE-0668-4EC6-A29C-9D9490701369}.Release|x64.Build.0 = Release|Any CPU
		{8A6418CE-0668-4EC6-A29C-9D9490701369}.Release|x86.ActiveCfg = Release|Any CPU
		{8A6418CE-0668-4EC6-A29C-9D9490701369}.Release|x86.Build.0 = Release|Any CPU
		{3A26F944-4278-40CF-B623-6640E54194EE}.Debug|Any CPU.ActiveCfg = Debug|Any CPU
		{3A26F944-4278-40CF-B623-6640E54194EE}.Debug|Any CPU.Build.0 = Debug|Any CPU
		{3A26F944-4278-40CF-B623-6640E54194EE}.Debug|x64.ActiveCfg = Debug|Any CPU
		{3A26F944-4278-40CF-B623-6640E54194EE}.Debug|x64.Build.0 = Debug|Any CPU
		{3A26F944-4278-40CF-B623-6640E54194EE}.Debug|x86.ActiveCfg = Debug|Any CPU
		{3A26F944-4278-40CF-B623-6640E54194EE}.Debug|x86.Build.0 = Debug|Any CPU
		{3A26F944-4278-40CF-B623-6640E54194EE}.Release|Any CPU.ActiveCfg = Release|Any CPU
		{3A26F944-4278-40CF-B623-6640E54194EE}.Release|Any CPU.Build.0 = Release|Any CPU
		{3A26F944-4278-40CF-B623-6640E54194EE}.Release|x64.ActiveCfg = Release|Any CPU
		{3A26F944-4278-40CF-B623-6640E54194EE}.Release|x64.Build.0 = Release|Any CPU
		{3A26F944-4278-40CF-B623-6640E54194EE}.Release|x86.ActiveCfg = Release|Any CPU
		{3A26F944-4278-40CF-B623-6640E54194EE}.Release|x86.Build.0 = Release|Any CPU
		{60D41D3D-8ED6-4EC1-B6E1-870DAB8AD448}.Debug|Any CPU.ActiveCfg = Debug|Any CPU
		{60D41D3D-8ED6-4EC1-B6E1-870DAB8AD448}.Debug|Any CPU.Build.0 = Debug|Any CPU
		{60D41D3D-8ED6-4EC1-B6E1-870DAB8AD448}.Debug|x64.ActiveCfg = Debug|Any CPU
		{60D41D3D-8ED6-4EC1-B6E1-870DAB8AD448}.Debug|x64.Build.0 = Debug|Any CPU
		{60D41D3D-8ED6-4EC1-B6E1-870DAB8AD448}.Debug|x86.ActiveCfg = Debug|Any CPU
		{60D41D3D-8ED6-4EC1-B6E1-870DAB8AD448}.Debug|x86.Build.0 = Debug|Any CPU
		{60D41D3D-8ED6-4EC1-B6E1-870DAB8AD448}.Release|Any CPU.ActiveCfg = Release|Any CPU
		{60D41D3D-8ED6-4EC1-B6E1-870DAB8AD448}.Release|Any CPU.Build.0 = Release|Any CPU
		{60D41D3D-8ED6-4EC1-B6E1-870DAB8AD448}.Release|x64.ActiveCfg = Release|Any CPU
		{60D41D3D-8ED6-4EC1-B6E1-870DAB8AD448}.Release|x64.Build.0 = Release|Any CPU
		{60D41D3D-8ED6-4EC1-B6E1-870DAB8AD448}.Release|x86.ActiveCfg = Release|Any CPU
		{60D41D3D-8ED6-4EC1-B6E1-870DAB8AD448}.Release|x86.Build.0 = Release|Any CPU
		{4425C288-7045-4865-A43C-B2BB8529CD76}.Debug|Any CPU.ActiveCfg = Debug|Any CPU
		{4425C288-7045-4865-A43C-B2BB8529CD76}.Debug|Any CPU.Build.0 = Debug|Any CPU
		{4425C288-7045-4865-A43C-B2BB8529CD76}.Debug|x64.ActiveCfg = Debug|Any CPU
		{4425C288-7045-4865-A43C-B2BB8529CD76}.Debug|x64.Build.0 = Debug|Any CPU
		{4425C288-7045-4865-A43C-B2BB8529CD76}.Debug|x86.ActiveCfg = Debug|x86
		{4425C288-7045-4865-A43C-B2BB8529CD76}.Debug|x86.Build.0 = Debug|x86
		{4425C288-7045-4865-A43C-B2BB8529CD76}.Release|Any CPU.ActiveCfg = Release|Any CPU
		{4425C288-7045-4865-A43C-B2BB8529CD76}.Release|Any CPU.Build.0 = Release|Any CPU
		{4425C288-7045-4865-A43C-B2BB8529CD76}.Release|x64.ActiveCfg = Release|Any CPU
		{4425C288-7045-4865-A43C-B2BB8529CD76}.Release|x64.Build.0 = Release|Any CPU
		{4425C288-7045-4865-A43C-B2BB8529CD76}.Release|x86.ActiveCfg = Release|Any CPU
		{4425C288-7045-4865-A43C-B2BB8529CD76}.Release|x86.Build.0 = Release|Any CPU
		{668B7010-A4D0-4B9D-A420-1D199797E672}.Debug|Any CPU.ActiveCfg = Debug|Any CPU
		{668B7010-A4D0-4B9D-A420-1D199797E672}.Debug|Any CPU.Build.0 = Debug|Any CPU
		{668B7010-A4D0-4B9D-A420-1D199797E672}.Debug|x64.ActiveCfg = Debug|Any CPU
		{668B7010-A4D0-4B9D-A420-1D199797E672}.Debug|x64.Build.0 = Debug|Any CPU
		{668B7010-A4D0-4B9D-A420-1D199797E672}.Debug|x86.ActiveCfg = Debug|Any CPU
		{668B7010-A4D0-4B9D-A420-1D199797E672}.Debug|x86.Build.0 = Debug|Any CPU
		{668B7010-A4D0-4B9D-A420-1D199797E672}.Release|Any CPU.ActiveCfg = Release|Any CPU
		{668B7010-A4D0-4B9D-A420-1D199797E672}.Release|Any CPU.Build.0 = Release|Any CPU
		{668B7010-A4D0-4B9D-A420-1D199797E672}.Release|x64.ActiveCfg = Release|Any CPU
		{668B7010-A4D0-4B9D-A420-1D199797E672}.Release|x64.Build.0 = Release|Any CPU
		{668B7010-A4D0-4B9D-A420-1D199797E672}.Release|x86.ActiveCfg = Release|Any CPU
		{668B7010-A4D0-4B9D-A420-1D199797E672}.Release|x86.Build.0 = Release|Any CPU
		{B624F4EF-242C-4C99-9F6E-56E48A3F281E}.Debug|Any CPU.ActiveCfg = Debug|Any CPU
		{B624F4EF-242C-4C99-9F6E-56E48A3F281E}.Debug|Any CPU.Build.0 = Debug|Any CPU
		{B624F4EF-242C-4C99-9F6E-56E48A3F281E}.Debug|x64.ActiveCfg = Debug|Any CPU
		{B624F4EF-242C-4C99-9F6E-56E48A3F281E}.Debug|x64.Build.0 = Debug|Any CPU
		{B624F4EF-242C-4C99-9F6E-56E48A3F281E}.Debug|x86.ActiveCfg = Debug|x86
		{B624F4EF-242C-4C99-9F6E-56E48A3F281E}.Debug|x86.Build.0 = Debug|x86
		{B624F4EF-242C-4C99-9F6E-56E48A3F281E}.Release|Any CPU.ActiveCfg = Release|Any CPU
		{B624F4EF-242C-4C99-9F6E-56E48A3F281E}.Release|Any CPU.Build.0 = Release|Any CPU
		{B624F4EF-242C-4C99-9F6E-56E48A3F281E}.Release|x64.ActiveCfg = Release|Any CPU
		{B624F4EF-242C-4C99-9F6E-56E48A3F281E}.Release|x64.Build.0 = Release|Any CPU
		{B624F4EF-242C-4C99-9F6E-56E48A3F281E}.Release|x86.ActiveCfg = Release|x86
		{B624F4EF-242C-4C99-9F6E-56E48A3F281E}.Release|x86.Build.0 = Release|x86
		{7EAAB62D-01A4-408A-B818-B6B2947EE85E}.Debug|Any CPU.ActiveCfg = Debug|Any CPU
		{7EAAB62D-01A4-408A-B818-B6B2947EE85E}.Debug|Any CPU.Build.0 = Debug|Any CPU
		{7EAAB62D-01A4-408A-B818-B6B2947EE85E}.Debug|x64.ActiveCfg = Debug|Any CPU
		{7EAAB62D-01A4-408A-B818-B6B2947EE85E}.Debug|x64.Build.0 = Debug|Any CPU
		{7EAAB62D-01A4-408A-B818-B6B2947EE85E}.Debug|x86.ActiveCfg = Debug|Any CPU
		{7EAAB62D-01A4-408A-B818-B6B2947EE85E}.Debug|x86.Build.0 = Debug|Any CPU
		{7EAAB62D-01A4-408A-B818-B6B2947EE85E}.Release|Any CPU.ActiveCfg = Release|Any CPU
		{7EAAB62D-01A4-408A-B818-B6B2947EE85E}.Release|Any CPU.Build.0 = Release|Any CPU
		{7EAAB62D-01A4-408A-B818-B6B2947EE85E}.Release|x64.ActiveCfg = Release|Any CPU
		{7EAAB62D-01A4-408A-B818-B6B2947EE85E}.Release|x64.Build.0 = Release|Any CPU
		{7EAAB62D-01A4-408A-B818-B6B2947EE85E}.Release|x86.ActiveCfg = Release|Any CPU
		{7EAAB62D-01A4-408A-B818-B6B2947EE85E}.Release|x86.Build.0 = Release|Any CPU
		{E4372E64-9343-4150-BC5D-A3B2CB71B284}.Debug|Any CPU.ActiveCfg = Debug|Any CPU
		{E4372E64-9343-4150-BC5D-A3B2CB71B284}.Debug|Any CPU.Build.0 = Debug|Any CPU
		{E4372E64-9343-4150-BC5D-A3B2CB71B284}.Debug|x64.ActiveCfg = Debug|Any CPU
		{E4372E64-9343-4150-BC5D-A3B2CB71B284}.Debug|x64.Build.0 = Debug|Any CPU
		{E4372E64-9343-4150-BC5D-A3B2CB71B284}.Debug|x86.ActiveCfg = Debug|x86
		{E4372E64-9343-4150-BC5D-A3B2CB71B284}.Debug|x86.Build.0 = Debug|x86
		{E4372E64-9343-4150-BC5D-A3B2CB71B284}.Release|Any CPU.ActiveCfg = Release|Any CPU
		{E4372E64-9343-4150-BC5D-A3B2CB71B284}.Release|Any CPU.Build.0 = Release|Any CPU
		{E4372E64-9343-4150-BC5D-A3B2CB71B284}.Release|x64.ActiveCfg = Release|Any CPU
		{E4372E64-9343-4150-BC5D-A3B2CB71B284}.Release|x64.Build.0 = Release|Any CPU
		{E4372E64-9343-4150-BC5D-A3B2CB71B284}.Release|x86.ActiveCfg = Release|x86
		{E4372E64-9343-4150-BC5D-A3B2CB71B284}.Release|x86.Build.0 = Release|x86
		{E24334D7-BE30-432A-9C60-547D5F1A21F5}.Debug|Any CPU.ActiveCfg = Debug|Any CPU
		{E24334D7-BE30-432A-9C60-547D5F1A21F5}.Debug|Any CPU.Build.0 = Debug|Any CPU
		{E24334D7-BE30-432A-9C60-547D5F1A21F5}.Debug|x64.ActiveCfg = Debug|Any CPU
		{E24334D7-BE30-432A-9C60-547D5F1A21F5}.Debug|x64.Build.0 = Debug|Any CPU
		{E24334D7-BE30-432A-9C60-547D5F1A21F5}.Debug|x86.ActiveCfg = Debug|Any CPU
		{E24334D7-BE30-432A-9C60-547D5F1A21F5}.Debug|x86.Build.0 = Debug|Any CPU
		{E24334D7-BE30-432A-9C60-547D5F1A21F5}.Release|Any CPU.ActiveCfg = Release|Any CPU
		{E24334D7-BE30-432A-9C60-547D5F1A21F5}.Release|Any CPU.Build.0 = Release|Any CPU
		{E24334D7-BE30-432A-9C60-547D5F1A21F5}.Release|x64.ActiveCfg = Release|Any CPU
		{E24334D7-BE30-432A-9C60-547D5F1A21F5}.Release|x64.Build.0 = Release|Any CPU
		{E24334D7-BE30-432A-9C60-547D5F1A21F5}.Release|x86.ActiveCfg = Release|Any CPU
		{E24334D7-BE30-432A-9C60-547D5F1A21F5}.Release|x86.Build.0 = Release|Any CPU
		{8ABCF846-61A9-408F-9ED0-ECC8DFAB7454}.Debug|Any CPU.ActiveCfg = Debug|Any CPU
		{8ABCF846-61A9-408F-9ED0-ECC8DFAB7454}.Debug|Any CPU.Build.0 = Debug|Any CPU
		{8ABCF846-61A9-408F-9ED0-ECC8DFAB7454}.Debug|x64.ActiveCfg = Debug|Any CPU
		{8ABCF846-61A9-408F-9ED0-ECC8DFAB7454}.Debug|x64.Build.0 = Debug|Any CPU
		{8ABCF846-61A9-408F-9ED0-ECC8DFAB7454}.Debug|x86.ActiveCfg = Debug|x86
		{8ABCF846-61A9-408F-9ED0-ECC8DFAB7454}.Debug|x86.Build.0 = Debug|x86
		{8ABCF846-61A9-408F-9ED0-ECC8DFAB7454}.Release|Any CPU.ActiveCfg = Release|Any CPU
		{8ABCF846-61A9-408F-9ED0-ECC8DFAB7454}.Release|Any CPU.Build.0 = Release|Any CPU
		{8ABCF846-61A9-408F-9ED0-ECC8DFAB7454}.Release|x64.ActiveCfg = Release|Any CPU
		{8ABCF846-61A9-408F-9ED0-ECC8DFAB7454}.Release|x64.Build.0 = Release|Any CPU
		{8ABCF846-61A9-408F-9ED0-ECC8DFAB7454}.Release|x86.ActiveCfg = Release|x86
		{8ABCF846-61A9-408F-9ED0-ECC8DFAB7454}.Release|x86.Build.0 = Release|x86
		{94FA1601-9205-4A5F-AF04-1C4F4B6092D4}.Debug|Any CPU.ActiveCfg = Debug|Any CPU
		{94FA1601-9205-4A5F-AF04-1C4F4B6092D4}.Debug|Any CPU.Build.0 = Debug|Any CPU
		{94FA1601-9205-4A5F-AF04-1C4F4B6092D4}.Debug|x64.ActiveCfg = Debug|Any CPU
		{94FA1601-9205-4A5F-AF04-1C4F4B6092D4}.Debug|x64.Build.0 = Debug|Any CPU
		{94FA1601-9205-4A5F-AF04-1C4F4B6092D4}.Debug|x86.ActiveCfg = Debug|Any CPU
		{94FA1601-9205-4A5F-AF04-1C4F4B6092D4}.Debug|x86.Build.0 = Debug|Any CPU
		{94FA1601-9205-4A5F-AF04-1C4F4B6092D4}.Release|Any CPU.ActiveCfg = Release|Any CPU
		{94FA1601-9205-4A5F-AF04-1C4F4B6092D4}.Release|Any CPU.Build.0 = Release|Any CPU
		{94FA1601-9205-4A5F-AF04-1C4F4B6092D4}.Release|x64.ActiveCfg = Release|Any CPU
		{94FA1601-9205-4A5F-AF04-1C4F4B6092D4}.Release|x64.Build.0 = Release|Any CPU
		{94FA1601-9205-4A5F-AF04-1C4F4B6092D4}.Release|x86.ActiveCfg = Release|Any CPU
		{94FA1601-9205-4A5F-AF04-1C4F4B6092D4}.Release|x86.Build.0 = Release|Any CPU
		{5917DB2D-4574-4452-8E66-BCBB41DA17B2}.Debug|Any CPU.ActiveCfg = Debug|Any CPU
		{5917DB2D-4574-4452-8E66-BCBB41DA17B2}.Debug|Any CPU.Build.0 = Debug|Any CPU
		{5917DB2D-4574-4452-8E66-BCBB41DA17B2}.Debug|x64.ActiveCfg = Debug|Any CPU
		{5917DB2D-4574-4452-8E66-BCBB41DA17B2}.Debug|x64.Build.0 = Debug|Any CPU
		{5917DB2D-4574-4452-8E66-BCBB41DA17B2}.Debug|x86.ActiveCfg = Debug|x86
		{5917DB2D-4574-4452-8E66-BCBB41DA17B2}.Debug|x86.Build.0 = Debug|x86
		{5917DB2D-4574-4452-8E66-BCBB41DA17B2}.Release|Any CPU.ActiveCfg = Release|Any CPU
		{5917DB2D-4574-4452-8E66-BCBB41DA17B2}.Release|Any CPU.Build.0 = Release|Any CPU
		{5917DB2D-4574-4452-8E66-BCBB41DA17B2}.Release|x64.ActiveCfg = Release|Any CPU
		{5917DB2D-4574-4452-8E66-BCBB41DA17B2}.Release|x64.Build.0 = Release|Any CPU
		{5917DB2D-4574-4452-8E66-BCBB41DA17B2}.Release|x86.ActiveCfg = Release|x86
		{5917DB2D-4574-4452-8E66-BCBB41DA17B2}.Release|x86.Build.0 = Release|x86
		{D4B35027-BA70-4094-80FA-FDC61FC4F389}.Debug|Any CPU.ActiveCfg = Debug|Any CPU
		{D4B35027-BA70-4094-80FA-FDC61FC4F389}.Debug|Any CPU.Build.0 = Debug|Any CPU
		{D4B35027-BA70-4094-80FA-FDC61FC4F389}.Debug|x64.ActiveCfg = Debug|Any CPU
		{D4B35027-BA70-4094-80FA-FDC61FC4F389}.Debug|x64.Build.0 = Debug|Any CPU
		{D4B35027-BA70-4094-80FA-FDC61FC4F389}.Debug|x86.ActiveCfg = Debug|x86
		{D4B35027-BA70-4094-80FA-FDC61FC4F389}.Debug|x86.Build.0 = Debug|x86
		{D4B35027-BA70-4094-80FA-FDC61FC4F389}.Release|Any CPU.ActiveCfg = Release|Any CPU
		{D4B35027-BA70-4094-80FA-FDC61FC4F389}.Release|Any CPU.Build.0 = Release|Any CPU
		{D4B35027-BA70-4094-80FA-FDC61FC4F389}.Release|x64.ActiveCfg = Release|Any CPU
		{D4B35027-BA70-4094-80FA-FDC61FC4F389}.Release|x64.Build.0 = Release|Any CPU
		{D4B35027-BA70-4094-80FA-FDC61FC4F389}.Release|x86.ActiveCfg = Release|x86
		{D4B35027-BA70-4094-80FA-FDC61FC4F389}.Release|x86.Build.0 = Release|x86
		{69EA4FF6-C886-49C1-B9D1-F011BC18D0D2}.Debug|Any CPU.ActiveCfg = Debug|Any CPU
		{69EA4FF6-C886-49C1-B9D1-F011BC18D0D2}.Debug|Any CPU.Build.0 = Debug|Any CPU
		{69EA4FF6-C886-49C1-B9D1-F011BC18D0D2}.Debug|x64.ActiveCfg = Debug|Any CPU
		{69EA4FF6-C886-49C1-B9D1-F011BC18D0D2}.Debug|x64.Build.0 = Debug|Any CPU
		{69EA4FF6-C886-49C1-B9D1-F011BC18D0D2}.Debug|x86.ActiveCfg = Debug|x86
		{69EA4FF6-C886-49C1-B9D1-F011BC18D0D2}.Debug|x86.Build.0 = Debug|x86
		{69EA4FF6-C886-49C1-B9D1-F011BC18D0D2}.Release|Any CPU.ActiveCfg = Release|Any CPU
		{69EA4FF6-C886-49C1-B9D1-F011BC18D0D2}.Release|Any CPU.Build.0 = Release|Any CPU
		{69EA4FF6-C886-49C1-B9D1-F011BC18D0D2}.Release|x64.ActiveCfg = Release|Any CPU
		{69EA4FF6-C886-49C1-B9D1-F011BC18D0D2}.Release|x64.Build.0 = Release|Any CPU
		{69EA4FF6-C886-49C1-B9D1-F011BC18D0D2}.Release|x86.ActiveCfg = Release|x86
		{69EA4FF6-C886-49C1-B9D1-F011BC18D0D2}.Release|x86.Build.0 = Release|x86
		{05DFB361-0F6C-49E3-A06C-9604A535028C}.Debug|Any CPU.ActiveCfg = Debug|Any CPU
		{05DFB361-0F6C-49E3-A06C-9604A535028C}.Debug|Any CPU.Build.0 = Debug|Any CPU
		{05DFB361-0F6C-49E3-A06C-9604A535028C}.Debug|x64.ActiveCfg = Debug|Any CPU
		{05DFB361-0F6C-49E3-A06C-9604A535028C}.Debug|x64.Build.0 = Debug|Any CPU
		{05DFB361-0F6C-49E3-A06C-9604A535028C}.Debug|x86.ActiveCfg = Debug|x86
		{05DFB361-0F6C-49E3-A06C-9604A535028C}.Debug|x86.Build.0 = Debug|x86
		{05DFB361-0F6C-49E3-A06C-9604A535028C}.Release|Any CPU.ActiveCfg = Release|Any CPU
		{05DFB361-0F6C-49E3-A06C-9604A535028C}.Release|Any CPU.Build.0 = Release|Any CPU
		{05DFB361-0F6C-49E3-A06C-9604A535028C}.Release|x64.ActiveCfg = Release|Any CPU
		{05DFB361-0F6C-49E3-A06C-9604A535028C}.Release|x64.Build.0 = Release|Any CPU
		{05DFB361-0F6C-49E3-A06C-9604A535028C}.Release|x86.ActiveCfg = Release|x86
		{05DFB361-0F6C-49E3-A06C-9604A535028C}.Release|x86.Build.0 = Release|x86
		{E85D27DD-C1AB-429D-847C-B85D877DEA7F}.Debug|Any CPU.ActiveCfg = Debug|Any CPU
		{E85D27DD-C1AB-429D-847C-B85D877DEA7F}.Debug|Any CPU.Build.0 = Debug|Any CPU
		{E85D27DD-C1AB-429D-847C-B85D877DEA7F}.Debug|x64.ActiveCfg = Debug|Any CPU
		{E85D27DD-C1AB-429D-847C-B85D877DEA7F}.Debug|x64.Build.0 = Debug|Any CPU
		{E85D27DD-C1AB-429D-847C-B85D877DEA7F}.Debug|x86.ActiveCfg = Debug|Any CPU
		{E85D27DD-C1AB-429D-847C-B85D877DEA7F}.Debug|x86.Build.0 = Debug|Any CPU
		{E85D27DD-C1AB-429D-847C-B85D877DEA7F}.Release|Any CPU.ActiveCfg = Release|Any CPU
		{E85D27DD-C1AB-429D-847C-B85D877DEA7F}.Release|Any CPU.Build.0 = Release|Any CPU
		{E85D27DD-C1AB-429D-847C-B85D877DEA7F}.Release|x64.ActiveCfg = Release|Any CPU
		{E85D27DD-C1AB-429D-847C-B85D877DEA7F}.Release|x64.Build.0 = Release|Any CPU
		{E85D27DD-C1AB-429D-847C-B85D877DEA7F}.Release|x86.ActiveCfg = Release|Any CPU
		{E85D27DD-C1AB-429D-847C-B85D877DEA7F}.Release|x86.Build.0 = Release|Any CPU
		{F70A0480-AEC5-4A0F-AC50-5290B23A96D7}.Debug|Any CPU.ActiveCfg = Debug|Any CPU
		{F70A0480-AEC5-4A0F-AC50-5290B23A96D7}.Debug|Any CPU.Build.0 = Debug|Any CPU
		{F70A0480-AEC5-4A0F-AC50-5290B23A96D7}.Debug|x64.ActiveCfg = Debug|Any CPU
		{F70A0480-AEC5-4A0F-AC50-5290B23A96D7}.Debug|x64.Build.0 = Debug|Any CPU
		{F70A0480-AEC5-4A0F-AC50-5290B23A96D7}.Debug|x86.ActiveCfg = Debug|Any CPU
		{F70A0480-AEC5-4A0F-AC50-5290B23A96D7}.Debug|x86.Build.0 = Debug|Any CPU
		{F70A0480-AEC5-4A0F-AC50-5290B23A96D7}.Release|Any CPU.ActiveCfg = Release|Any CPU
		{F70A0480-AEC5-4A0F-AC50-5290B23A96D7}.Release|Any CPU.Build.0 = Release|Any CPU
		{F70A0480-AEC5-4A0F-AC50-5290B23A96D7}.Release|x64.ActiveCfg = Release|Any CPU
		{F70A0480-AEC5-4A0F-AC50-5290B23A96D7}.Release|x64.Build.0 = Release|Any CPU
		{F70A0480-AEC5-4A0F-AC50-5290B23A96D7}.Release|x86.ActiveCfg = Release|Any CPU
		{F70A0480-AEC5-4A0F-AC50-5290B23A96D7}.Release|x86.Build.0 = Release|Any CPU
		{2121DA4B-D0EF-4B5C-B936-C17C1DE76713}.Debug|Any CPU.ActiveCfg = Debug|Any CPU
		{2121DA4B-D0EF-4B5C-B936-C17C1DE76713}.Debug|Any CPU.Build.0 = Debug|Any CPU
		{2121DA4B-D0EF-4B5C-B936-C17C1DE76713}.Debug|x64.ActiveCfg = Debug|Any CPU
		{2121DA4B-D0EF-4B5C-B936-C17C1DE76713}.Debug|x64.Build.0 = Debug|Any CPU
		{2121DA4B-D0EF-4B5C-B936-C17C1DE76713}.Debug|x86.ActiveCfg = Debug|Any CPU
		{2121DA4B-D0EF-4B5C-B936-C17C1DE76713}.Debug|x86.Build.0 = Debug|Any CPU
		{2121DA4B-D0EF-4B5C-B936-C17C1DE76713}.Release|Any CPU.ActiveCfg = Release|Any CPU
		{2121DA4B-D0EF-4B5C-B936-C17C1DE76713}.Release|Any CPU.Build.0 = Release|Any CPU
		{2121DA4B-D0EF-4B5C-B936-C17C1DE76713}.Release|x64.ActiveCfg = Release|Any CPU
		{2121DA4B-D0EF-4B5C-B936-C17C1DE76713}.Release|x64.Build.0 = Release|Any CPU
		{2121DA4B-D0EF-4B5C-B936-C17C1DE76713}.Release|x86.ActiveCfg = Release|Any CPU
		{2121DA4B-D0EF-4B5C-B936-C17C1DE76713}.Release|x86.Build.0 = Release|Any CPU
		{852C02C9-D0FA-429F-BD22-368E0FC112F8}.Debug|Any CPU.ActiveCfg = Debug|Any CPU
		{852C02C9-D0FA-429F-BD22-368E0FC112F8}.Debug|Any CPU.Build.0 = Debug|Any CPU
		{852C02C9-D0FA-429F-BD22-368E0FC112F8}.Debug|x64.ActiveCfg = Debug|Any CPU
		{852C02C9-D0FA-429F-BD22-368E0FC112F8}.Debug|x64.Build.0 = Debug|Any CPU
		{852C02C9-D0FA-429F-BD22-368E0FC112F8}.Debug|x86.ActiveCfg = Debug|Any CPU
		{852C02C9-D0FA-429F-BD22-368E0FC112F8}.Debug|x86.Build.0 = Debug|Any CPU
		{852C02C9-D0FA-429F-BD22-368E0FC112F8}.Release|Any CPU.ActiveCfg = Release|Any CPU
		{852C02C9-D0FA-429F-BD22-368E0FC112F8}.Release|Any CPU.Build.0 = Release|Any CPU
		{852C02C9-D0FA-429F-BD22-368E0FC112F8}.Release|x64.ActiveCfg = Release|Any CPU
		{852C02C9-D0FA-429F-BD22-368E0FC112F8}.Release|x64.Build.0 = Release|Any CPU
		{852C02C9-D0FA-429F-BD22-368E0FC112F8}.Release|x86.ActiveCfg = Release|Any CPU
		{852C02C9-D0FA-429F-BD22-368E0FC112F8}.Release|x86.Build.0 = Release|Any CPU
	EndGlobalSection
	GlobalSection(SolutionProperties) = preSolution
		HideSolutionNode = FALSE
	EndGlobalSection
	GlobalSection(ExtensibilityGlobals) = postSolution
		SolutionGuid = {457689A9-F39A-408A-9F95-DEEB93C971ED}
	EndGlobalSection
EndGlobal
